
Microsoft Visual Studio Solution File, Format Version 12.00
# Visual Studio Version 16
VisualStudioVersion = 16.0.29709.97
MinimumVisualStudioVersion = 10.0.40219.1
Project("{2150E333-8FDC-42A3-9474-1A3956D46DE8}") = "Source", "Source", "{E63EA69B-6E7E-4438-AF7E-B8D554A236BF}"
EndProject
Project("{2150E333-8FDC-42A3-9474-1A3956D46DE8}") = "Core", "Core", "{4E56F1CB-13DF-45FD-B569-6510B526B3B7}"
EndProject
Project("{2150E333-8FDC-42A3-9474-1A3956D46DE8}") = "Infrastructure", "Infrastructure", "{94CFDFCE-0325-4BBD-AE57-9B0B3E40ADFC}"
EndProject
Project("{2150E333-8FDC-42A3-9474-1A3956D46DE8}") = "Endpoints", "Endpoints", "{F6523EF0-2B41-4B02-951A-128E00A8A335}"
EndProject
Project("{2150E333-8FDC-42A3-9474-1A3956D46DE8}") = "Tests", "Tests", "{F94FC7A4-EC07-447F-A02D-851F0D3E4051}"
EndProject
Project("{9A19103F-16F7-4668-BE54-9A1E7A4F7556}") = "Domain", "Source\Core\Domain\Domain.csproj", "{F59AE363-F2B3-4D25-B367-72B418643B99}"
EndProject
Project("{9A19103F-16F7-4668-BE54-9A1E7A4F7556}") = "Application", "Source\Core\Application\Application.csproj", "{9F407B23-48FC-411D-A46A-4253B6EC9A39}"
EndProject
Project("{9A19103F-16F7-4668-BE54-9A1E7A4F7556}") = "Infrastructure.Identity", "Source\Infrastructure\Infrastructure.Identity\Infrastructure.Identity.csproj", "{7A862CA5-9334-4AF9-AC77-0770677CEF3C}"
EndProject
Project("{9A19103F-16F7-4668-BE54-9A1E7A4F7556}") = "Infrastructure.Mongo.DataAccess", "Source\Infrastructure\Infrastructure.Mongo.DataAccess\Infrastructure.Mongo.DataAccess.csproj", "{65C619F8-860D-41FB-BDF4-20D2817B3235}"
EndProject
Project("{9A19103F-16F7-4668-BE54-9A1E7A4F7556}") = "Infrastructure.Shared", "Source\Infrastructure\Infrastructure.Shared\Infrastructure.Shared.csproj", "{4C4A8C7E-6C8F-4BDF-B586-42C287EC8FB6}"
EndProject
Project("{9A19103F-16F7-4668-BE54-9A1E7A4F7556}") = "WebApi", "Source\Endpoints\WebApi\WebApi.csproj", "{D592D90D-DFB3-4939-80A5-86AF977054E7}"
EndProject
Project("{9A19103F-16F7-4668-BE54-9A1E7A4F7556}") = "Application.Test", "Tests\Application.Test\Application.Test.csproj", "{B8D66F32-8BAC-4B7E-91B7-09E24050DE9F}"
EndProject
Project("{FAE04EC0-301F-11D3-BF4B-00C04F79EFBC}") = "Mongo.DataAccess.Test", "Tests\Mongo.DataAccess.Test\Mongo.DataAccess.Test.csproj", "{2335E3BD-1AEF-4FB4-A183-37B65BA037C9}"
EndProject
Project("{9A19103F-16F7-4668-BE54-9A1E7A4F7556}") = "WebApi.Test", "Tests\WebApi.Test\WebApi.Test.csproj", "{B1F13CA7-5F28-4FB4-A547-3C6010CE123D}"
EndProject
Global
	GlobalSection(SolutionConfigurationPlatforms) = preSolution
		Debug|Any CPU = Debug|Any CPU
		Release|Any CPU = Release|Any CPU
	EndGlobalSection
	GlobalSection(ProjectConfigurationPlatforms) = postSolution
		{F59AE363-F2B3-4D25-B367-72B418643B99}.Debug|Any CPU.ActiveCfg = Debug|Any CPU
		{F59AE363-F2B3-4D25-B367-72B418643B99}.Debug|Any CPU.Build.0 = Debug|Any CPU
		{F59AE363-F2B3-4D25-B367-72B418643B99}.Release|Any CPU.ActiveCfg = Release|Any CPU
		{F59AE363-F2B3-4D25-B367-72B418643B99}.Release|Any CPU.Build.0 = Release|Any CPU
		{9F407B23-48FC-411D-A46A-4253B6EC9A39}.Debug|Any CPU.ActiveCfg = Debug|Any CPU
		{9F407B23-48FC-411D-A46A-4253B6EC9A39}.Debug|Any CPU.Build.0 = Debug|Any CPU
		{9F407B23-48FC-411D-A46A-4253B6EC9A39}.Release|Any CPU.ActiveCfg = Release|Any CPU
		{9F407B23-48FC-411D-A46A-4253B6EC9A39}.Release|Any CPU.Build.0 = Release|Any CPU
		{7A862CA5-9334-4AF9-AC77-0770677CEF3C}.Debug|Any CPU.ActiveCfg = Debug|Any CPU
		{7A862CA5-9334-4AF9-AC77-0770677CEF3C}.Debug|Any CPU.Build.0 = Debug|Any CPU
		{7A862CA5-9334-4AF9-AC77-0770677CEF3C}.Release|Any CPU.ActiveCfg = Release|Any CPU
		{7A862CA5-9334-4AF9-AC77-0770677CEF3C}.Release|Any CPU.Build.0 = Release|Any CPU
		{65C619F8-860D-41FB-BDF4-20D2817B3235}.Debug|Any CPU.ActiveCfg = Debug|Any CPU
		{65C619F8-860D-41FB-BDF4-20D2817B3235}.Debug|Any CPU.Build.0 = Debug|Any CPU
		{65C619F8-860D-41FB-BDF4-20D2817B3235}.Release|Any CPU.ActiveCfg = Release|Any CPU
		{65C619F8-860D-41FB-BDF4-20D2817B3235}.Release|Any CPU.Build.0 = Release|Any CPU
		{4C4A8C7E-6C8F-4BDF-B586-42C287EC8FB6}.Debug|Any CPU.ActiveCfg = Debug|Any CPU
		{4C4A8C7E-6C8F-4BDF-B586-42C287EC8FB6}.Debug|Any CPU.Build.0 = Debug|Any CPU
		{4C4A8C7E-6C8F-4BDF-B586-42C287EC8FB6}.Release|Any CPU.ActiveCfg = Release|Any CPU
		{4C4A8C7E-6C8F-4BDF-B586-42C287EC8FB6}.Release|Any CPU.Build.0 = Release|Any CPU
		{D592D90D-DFB3-4939-80A5-86AF977054E7}.Debug|Any CPU.ActiveCfg = Debug|Any CPU
		{D592D90D-DFB3-4939-80A5-86AF977054E7}.Debug|Any CPU.Build.0 = Debug|Any CPU
		{D592D90D-DFB3-4939-80A5-86AF977054E7}.Release|Any CPU.ActiveCfg = Release|Any CPU
		{D592D90D-DFB3-4939-80A5-86AF977054E7}.Release|Any CPU.Build.0 = Release|Any CPU
		{B8D66F32-8BAC-4B7E-91B7-09E24050DE9F}.Debug|Any CPU.ActiveCfg = Debug|Any CPU
		{B8D66F32-8BAC-4B7E-91B7-09E24050DE9F}.Debug|Any CPU.Build.0 = Debug|Any CPU
		{B8D66F32-8BAC-4B7E-91B7-09E24050DE9F}.Release|Any CPU.ActiveCfg = Release|Any CPU
		{B8D66F32-8BAC-4B7E-91B7-09E24050DE9F}.Release|Any CPU.Build.0 = Release|Any CPU
		{2335E3BD-1AEF-4FB4-A183-37B65BA037C9}.Debug|Any CPU.ActiveCfg = Debug|Any CPU
		{2335E3BD-1AEF-4FB4-A183-37B65BA037C9}.Debug|Any CPU.Build.0 = Debug|Any CPU
		{2335E3BD-1AEF-4FB4-A183-37B65BA037C9}.Release|Any CPU.ActiveCfg = Release|Any CPU
		{2335E3BD-1AEF-4FB4-A183-37B65BA037C9}.Release|Any CPU.Build.0 = Release|Any CPU
		{B1F13CA7-5F28-4FB4-A547-3C6010CE123D}.Debug|Any CPU.ActiveCfg = Debug|Any CPU
		{B1F13CA7-5F28-4FB4-A547-3C6010CE123D}.Debug|Any CPU.Build.0 = Debug|Any CPU
		{B1F13CA7-5F28-4FB4-A547-3C6010CE123D}.Release|Any CPU.ActiveCfg = Release|Any CPU
		{B1F13CA7-5F28-4FB4-A547-3C6010CE123D}.Release|Any CPU.Build.0 = Release|Any CPU
	EndGlobalSection
	GlobalSection(SolutionProperties) = preSolution
		HideSolutionNode = FALSE
	EndGlobalSection
	GlobalSection(NestedProjects) = preSolution
		{4E56F1CB-13DF-45FD-B569-6510B526B3B7} = {E63EA69B-6E7E-4438-AF7E-B8D554A236BF}
		{94CFDFCE-0325-4BBD-AE57-9B0B3E40ADFC} = {E63EA69B-6E7E-4438-AF7E-B8D554A236BF}
		{F6523EF0-2B41-4B02-951A-128E00A8A335} = {E63EA69B-6E7E-4438-AF7E-B8D554A236BF}
		{F59AE363-F2B3-4D25-B367-72B418643B99} = {4E56F1CB-13DF-45FD-B569-6510B526B3B7}
		{9F407B23-48FC-411D-A46A-4253B6EC9A39} = {4E56F1CB-13DF-45FD-B569-6510B526B3B7}
		{7A862CA5-9334-4AF9-AC77-0770677CEF3C} = {94CFDFCE-0325-4BBD-AE57-9B0B3E40ADFC}
		{65C619F8-860D-41FB-BDF4-20D2817B3235} = {94CFDFCE-0325-4BBD-AE57-9B0B3E40ADFC}
		{4C4A8C7E-6C8F-4BDF-B586-42C287EC8FB6} = {94CFDFCE-0325-4BBD-AE57-9B0B3E40ADFC}
		{D592D90D-DFB3-4939-80A5-86AF977054E7} = {F6523EF0-2B41-4B02-951A-128E00A8A335}
		{B8D66F32-8BAC-4B7E-91B7-09E24050DE9F} = {F94FC7A4-EC07-447F-A02D-851F0D3E4051}
		{2335E3BD-1AEF-4FB4-A183-37B65BA037C9} = {F94FC7A4-EC07-447F-A02D-851F0D3E4051}
		{B1F13CA7-5F28-4FB4-A547-3C6010CE123D} = {F94FC7A4-EC07-447F-A02D-851F0D3E4051}
	EndGlobalSection
	GlobalSection(ExtensibilityGlobals) = postSolution
		SolutionGuid = {10C0BED2-41AA-458A-BE87-B4ED2001146E}
	EndGlobalSection
EndGlobal
